
Microsoft Visual Studio Solution File, Format Version 12.00
# Visual Studio 15
VisualStudioVersion = 15.0.28010.2046
MinimumVisualStudioVersion = 10.0.40219.1
Project("{8BC9CEB8-8B4A-11D0-8D11-00A0C91BC942}") = "Particules", "Particules.vcxproj", "{CE50A6A0-7CE5-4F2E-88E3-65E3D62B7221}"
EndProject
Global
	GlobalSection(SolutionConfigurationPlatforms) = preSolution
		Debug|x64 = Debug|x64
		Debug|x86 = Debug|x86
		Release|x64 = Release|x64
		Release|x86 = Release|x86
	EndGlobalSection
	GlobalSection(ProjectConfigurationPlatforms) = postSolution
		{CE50A6A0-7CE5-4F2E-88E3-65E3D62B7221}.Debug|x64.ActiveCfg = Debug|x64
		{CE50A6A0-7CE5-4F2E-88E3-65E3D62B7221}.Debug|x64.Build.0 = Debug|x64
		{CE50A6A0-7CE5-4F2E-88E3-65E3D62B7221}.Debug|x86.ActiveCfg = Debug|Win32
		{CE50A6A0-7CE5-4F2E-88E3-65E3D62B7221}.Debug|x86.Build.0 = Debug|Win32
		{CE50A6A0-7CE5-4F2E-88E3-65E3D62B7221}.Release|x64.ActiveCfg = Release|x64
		{CE50A6A0-7CE5-4F2E-88E3-65E3D62B7221}.Release|x64.Build.0 = Release|x64
		{CE50A6A0-7CE5-4F2E-88E3-65E3D62B7221}.Release|x86.ActiveCfg = Release|Win32
		{CE50A6A0-7CE5-4F2E-88E3-65E3D62B7221}.Release|x86.Build.0 = Release|Win32
	EndGlobalSection
	GlobalSection(SolutionProperties) = preSolution
		HideSolutionNode = FALSE
	EndGlobalSection
	GlobalSection(ExtensibilityGlobals) = postSolution
		SolutionGuid = {4B3C52E3-54AB-4F3A-8A43-1E2F4E3C9255}
	EndGlobalSection
EndGlobal
