
Microsoft Visual Studio Solution File, Format Version 12.00
# Visual Studio 15
VisualStudioVersion = 15.0.27703.2042
MinimumVisualStudioVersion = 10.0.40219.1
Project("{FAE04EC0-301F-11D3-BF4B-00C04F79EFBC}") = "NeuralNetwork", "NeuralNetwork\NeuralNetwork.csproj", "{F9F0E1AD-35CF-42FC-998F-287EF6E4CD06}"
EndProject
Global
	GlobalSection(SolutionConfigurationPlatforms) = preSolution
		Debug|Any CPU = Debug|Any CPU
		Release|Any CPU = Release|Any CPU
	EndGlobalSection
	GlobalSection(ProjectConfigurationPlatforms) = postSolution
		{F9F0E1AD-35CF-42FC-998F-287EF6E4CD06}.Debug|Any CPU.ActiveCfg = Debug|Any CPU
		{F9F0E1AD-35CF-42FC-998F-287EF6E4CD06}.Debug|Any CPU.Build.0 = Debug|Any CPU
		{F9F0E1AD-35CF-42FC-998F-287EF6E4CD06}.Release|Any CPU.ActiveCfg = Release|Any CPU
		{F9F0E1AD-35CF-42FC-998F-287EF6E4CD06}.Release|Any CPU.Build.0 = Release|Any CPU
	EndGlobalSection
	GlobalSection(SolutionProperties) = preSolution
		HideSolutionNode = FALSE
	EndGlobalSection
	GlobalSection(ExtensibilityGlobals) = postSolution
		SolutionGuid = {EF984FDD-488F-4CDB-9F40-BFD892C5F339}
	EndGlobalSection
EndGlobal
